
Microsoft Visual Studio Solution File, Format Version 12.00
# Visual Studio Version 17
VisualStudioVersion = 17.5.33516.290
MinimumVisualStudioVersion = 10.0.40219.1
Project("{FAE04EC0-301F-11D3-BF4B-00C04F79EFBC}") = "Pmu_Course_Work.Android", "Pmu_Course_Work\Pmu_Course_Work.Android\Pmu_Course_Work.Android.csproj", "{B5FBB362-4282-4236-ABEB-6CEFFEFD1CA6}"
EndProject
Project("{FAE04EC0-301F-11D3-BF4B-00C04F79EFBC}") = "Pmu_Course_Work.iOS", "Pmu_Course_Work\Pmu_Course_Work.iOS\Pmu_Course_Work.iOS.csproj", "{89853741-1383-44E4-B53C-F7F4DB0DFB3E}"
EndProject
Project("{FAE04EC0-301F-11D3-BF4B-00C04F79EFBC}") = "Pmu_Course_Work", "Pmu_Course_Work\Pmu_Course_Work\Pmu_Course_Work.csproj", "{2BDCCE3D-D5E8-46DA-BDAF-8AF707961E43}"
EndProject
Global
	GlobalSection(SolutionConfigurationPlatforms) = preSolution
		Debug|Any CPU = Debug|Any CPU
		Debug|iPhone = Debug|iPhone
		Debug|iPhoneSimulator = Debug|iPhoneSimulator
		Release|Any CPU = Release|Any CPU
		Release|iPhone = Release|iPhone
		Release|iPhoneSimulator = Release|iPhoneSimulator
	EndGlobalSection
	GlobalSection(ProjectConfigurationPlatforms) = postSolution
		{B5FBB362-4282-4236-ABEB-6CEFFEFD1CA6}.Debug|Any CPU.ActiveCfg = Debug|Any CPU
		{B5FBB362-4282-4236-ABEB-6CEFFEFD1CA6}.Debug|Any CPU.Build.0 = Debug|Any CPU
		{B5FBB362-4282-4236-ABEB-6CEFFEFD1CA6}.Debug|Any CPU.Deploy.0 = Debug|Any CPU
		{B5FBB362-4282-4236-ABEB-6CEFFEFD1CA6}.Debug|iPhone.ActiveCfg = Debug|Any CPU
		{B5FBB362-4282-4236-ABEB-6CEFFEFD1CA6}.Debug|iPhone.Build.0 = Debug|Any CPU
		{B5FBB362-4282-4236-ABEB-6CEFFEFD1CA6}.Debug|iPhone.Deploy.0 = Debug|Any CPU
		{B5FBB362-4282-4236-ABEB-6CEFFEFD1CA6}.Debug|iPhoneSimulator.ActiveCfg = Debug|Any CPU
		{B5FBB362-4282-4236-ABEB-6CEFFEFD1CA6}.Debug|iPhoneSimulator.Build.0 = Debug|Any CPU
		{B5FBB362-4282-4236-ABEB-6CEFFEFD1CA6}.Debug|iPhoneSimulator.Deploy.0 = Debug|Any CPU
		{B5FBB362-4282-4236-ABEB-6CEFFEFD1CA6}.Release|Any CPU.ActiveCfg = Release|Any CPU
		{B5FBB362-4282-4236-ABEB-6CEFFEFD1CA6}.Release|Any CPU.Build.0 = Release|Any CPU
		{B5FBB362-4282-4236-ABEB-6CEFFEFD1CA6}.Release|Any CPU.Deploy.0 = Release|Any CPU
		{B5FBB362-4282-4236-ABEB-6CEFFEFD1CA6}.Release|iPhone.ActiveCfg = Release|Any CPU
		{B5FBB362-4282-4236-ABEB-6CEFFEFD1CA6}.Release|iPhone.Build.0 = Release|Any CPU
		{B5FBB362-4282-4236-ABEB-6CEFFEFD1CA6}.Release|iPhone.Deploy.0 = Release|Any CPU
		{B5FBB362-4282-4236-ABEB-6CEFFEFD1CA6}.Release|iPhoneSimulator.ActiveCfg = Release|Any CPU
		{B5FBB362-4282-4236-ABEB-6CEFFEFD1CA6}.Release|iPhoneSimulator.Build.0 = Release|Any CPU
		{B5FBB362-4282-4236-ABEB-6CEFFEFD1CA6}.Release|iPhoneSimulator.Deploy.0 = Release|Any CPU
		{89853741-1383-44E4-B53C-F7F4DB0DFB3E}.Debug|Any CPU.ActiveCfg = Debug|iPhone
		{89853741-1383-44E4-B53C-F7F4DB0DFB3E}.Debug|Any CPU.Build.0 = Debug|iPhone
		{89853741-1383-44E4-B53C-F7F4DB0DFB3E}.Debug|Any CPU.Deploy.0 = Debug|iPhone
		{89853741-1383-44E4-B53C-F7F4DB0DFB3E}.Debug|iPhone.ActiveCfg = Debug|iPhone
		{89853741-1383-44E4-B53C-F7F4DB0DFB3E}.Debug|iPhone.Build.0 = Debug|iPhone
		{89853741-1383-44E4-B53C-F7F4DB0DFB3E}.Debug|iPhone.Deploy.0 = Debug|iPhone
		{89853741-1383-44E4-B53C-F7F4DB0DFB3E}.Debug|iPhoneSimulator.ActiveCfg = Debug|iPhoneSimulator
		{89853741-1383-44E4-B53C-F7F4DB0DFB3E}.Debug|iPhoneSimulator.Build.0 = Debug|iPhoneSimulator
		{89853741-1383-44E4-B53C-F7F4DB0DFB3E}.Debug|iPhoneSimulator.Deploy.0 = Debug|iPhoneSimulator
		{89853741-1383-44E4-B53C-F7F4DB0DFB3E}.Release|Any CPU.ActiveCfg = Release|iPhoneSimulator
		{89853741-1383-44E4-B53C-F7F4DB0DFB3E}.Release|Any CPU.Build.0 = Release|iPhoneSimulator
		{89853741-1383-44E4-B53C-F7F4DB0DFB3E}.Release|Any CPU.Deploy.0 = Release|iPhoneSimulator
		{89853741-1383-44E4-B53C-F7F4DB0DFB3E}.Release|iPhone.ActiveCfg = Release|iPhone
		{89853741-1383-44E4-B53C-F7F4DB0DFB3E}.Release|iPhone.Build.0 = Release|iPhone
		{89853741-1383-44E4-B53C-F7F4DB0DFB3E}.Release|iPhone.Deploy.0 = Release|iPhone
		{89853741-1383-44E4-B53C-F7F4DB0DFB3E}.Release|iPhoneSimulator.ActiveCfg = Release|iPhoneSimulator
		{89853741-1383-44E4-B53C-F7F4DB0DFB3E}.Release|iPhoneSimulator.Build.0 = Release|iPhoneSimulator
		{89853741-1383-44E4-B53C-F7F4DB0DFB3E}.Release|iPhoneSimulator.Deploy.0 = Release|iPhoneSimulator
		{2BDCCE3D-D5E8-46DA-BDAF-8AF707961E43}.Debug|Any CPU.ActiveCfg = Debug|Any CPU
		{2BDCCE3D-D5E8-46DA-BDAF-8AF707961E43}.Debug|Any CPU.Build.0 = Debug|Any CPU
		{2BDCCE3D-D5E8-46DA-BDAF-8AF707961E43}.Debug|Any CPU.Deploy.0 = Debug|Any CPU
		{2BDCCE3D-D5E8-46DA-BDAF-8AF707961E43}.Debug|iPhone.ActiveCfg = Debug|Any CPU
		{2BDCCE3D-D5E8-46DA-BDAF-8AF707961E43}.Debug|iPhone.Build.0 = Debug|Any CPU
		{2BDCCE3D-D5E8-46DA-BDAF-8AF707961E43}.Debug|iPhone.Deploy.0 = Debug|Any CPU
		{2BDCCE3D-D5E8-46DA-BDAF-8AF707961E43}.Debug|iPhoneSimulator.ActiveCfg = Debug|Any CPU
		{2BDCCE3D-D5E8-46DA-BDAF-8AF707961E43}.Debug|iPhoneSimulator.Build.0 = Debug|Any CPU
		{2BDCCE3D-D5E8-46DA-BDAF-8AF707961E43}.Debug|iPhoneSimulator.Deploy.0 = Debug|Any CPU
		{2BDCCE3D-D5E8-46DA-BDAF-8AF707961E43}.Release|Any CPU.ActiveCfg = Release|Any CPU
		{2BDCCE3D-D5E8-46DA-BDAF-8AF707961E43}.Release|Any CPU.Build.0 = Release|Any CPU
		{2BDCCE3D-D5E8-46DA-BDAF-8AF707961E43}.Release|Any CPU.Deploy.0 = Release|Any CPU
		{2BDCCE3D-D5E8-46DA-BDAF-8AF707961E43}.Release|iPhone.ActiveCfg = Release|Any CPU
		{2BDCCE3D-D5E8-46DA-BDAF-8AF707961E43}.Release|iPhone.Build.0 = Release|Any CPU
		{2BDCCE3D-D5E8-46DA-BDAF-8AF707961E43}.Release|iPhone.Deploy.0 = Release|Any CPU
		{2BDCCE3D-D5E8-46DA-BDAF-8AF707961E43}.Release|iPhoneSimulator.ActiveCfg = Release|Any CPU
		{2BDCCE3D-D5E8-46DA-BDAF-8AF707961E43}.Release|iPhoneSimulator.Build.0 = Release|Any CPU
		{2BDCCE3D-D5E8-46DA-BDAF-8AF707961E43}.Release|iPhoneSimulator.Deploy.0 = Release|Any CPU
	EndGlobalSection
	GlobalSection(SolutionProperties) = preSolution
		HideSolutionNode = FALSE
	EndGlobalSection
	GlobalSection(ExtensibilityGlobals) = postSolution
		SolutionGuid = {62C6C56C-9AD1-44BA-881A-671AE55CD6F4}
	EndGlobalSection
EndGlobal
